
Microsoft Visual Studio Solution File, Format Version 12.00
# Visual Studio Version 17
VisualStudioVersion = 17.14.36429.23 d17.14
MinimumVisualStudioVersion = 10.0.40219.1
Project("{FAE04EC0-301F-11D3-BF4B-00C04F79EFBC}") = "CapaDato", "CapaDato\CapaDato.csproj", "{682DED8E-596D-4EF1-B76F-118E225F10D9}"
EndProject
Project("{FAE04EC0-301F-11D3-BF4B-00C04F79EFBC}") = "CapaNegocio", "CapaNegocio\CapaNegocio.csproj", "{71FF632D-B7BC-4AE4-B763-52D321DFC050}"
EndProject
Project("{FAE04EC0-301F-11D3-BF4B-00C04F79EFBC}") = "CapaPresentancion", "CapaPresentancion\CapaPresentancion.csproj", "{10EA15DE-2E83-4E45-8EBE-BA033BDE641E}"
EndProject
Global
	GlobalSection(SolutionConfigurationPlatforms) = preSolution
		Debug|Any CPU = Debug|Any CPU
		Release|Any CPU = Release|Any CPU
	EndGlobalSection
	GlobalSection(ProjectConfigurationPlatforms) = postSolution
		{682DED8E-596D-4EF1-B76F-118E225F10D9}.Debug|Any CPU.ActiveCfg = Debug|Any CPU
		{682DED8E-596D-4EF1-B76F-118E225F10D9}.Debug|Any CPU.Build.0 = Debug|Any CPU
		{682DED8E-596D-4EF1-B76F-118E225F10D9}.Release|Any CPU.ActiveCfg = Release|Any CPU
		{682DED8E-596D-4EF1-B76F-118E225F10D9}.Release|Any CPU.Build.0 = Release|Any CPU
		{71FF632D-B7BC-4AE4-B763-52D321DFC050}.Debug|Any CPU.ActiveCfg = Debug|Any CPU
		{71FF632D-B7BC-4AE4-B763-52D321DFC050}.Debug|Any CPU.Build.0 = Debug|Any CPU
		{71FF632D-B7BC-4AE4-B763-52D321DFC050}.Release|Any CPU.ActiveCfg = Release|Any CPU
		{71FF632D-B7BC-4AE4-B763-52D321DFC050}.Release|Any CPU.Build.0 = Release|Any CPU
		{10EA15DE-2E83-4E45-8EBE-BA033BDE641E}.Debug|Any CPU.ActiveCfg = Debug|Any CPU
		{10EA15DE-2E83-4E45-8EBE-BA033BDE641E}.Debug|Any CPU.Build.0 = Debug|Any CPU
		{10EA15DE-2E83-4E45-8EBE-BA033BDE641E}.Release|Any CPU.ActiveCfg = Release|Any CPU
		{10EA15DE-2E83-4E45-8EBE-BA033BDE641E}.Release|Any CPU.Build.0 = Release|Any CPU
	EndGlobalSection
	GlobalSection(SolutionProperties) = preSolution
		HideSolutionNode = FALSE
	EndGlobalSection
	GlobalSection(ExtensibilityGlobals) = postSolution
		SolutionGuid = {393B2B12-8061-4439-982D-1D9BBCF66BE8}
	EndGlobalSection
EndGlobal
